
Microsoft Visual Studio Solution File, Format Version 12.00
# Visual Studio Version 17
VisualStudioVersion = 17.0.32112.339
MinimumVisualStudioVersion = 10.0.40219.1
Project("{9A19103F-16F7-4668-BE54-9A1E7A4F7556}") = "DeliciousPieShop", "DeliciousPieShop.csproj", "{834375B2-B46F-4317-BD97-E1A598C78E0E}"
EndProject
Project("{FAE04EC0-301F-11D3-BF4B-00C04F79EFBC}") = "DeliciousPieShopTests", "..\DeliciousPieShopTests\DeliciousPieShopTests.csproj", "{C981DDE5-BC02-4BE1-A01D-A757865C2886}"
EndProject
Global
	GlobalSection(SolutionConfigurationPlatforms) = preSolution
		Debug|Any CPU = Debug|Any CPU
		Release|Any CPU = Release|Any CPU
	EndGlobalSection
	GlobalSection(ProjectConfigurationPlatforms) = postSolution
		{834375B2-B46F-4317-BD97-E1A598C78E0E}.Debug|Any CPU.ActiveCfg = Debug|Any CPU
		{834375B2-B46F-4317-BD97-E1A598C78E0E}.Debug|Any CPU.Build.0 = Debug|Any CPU
		{834375B2-B46F-4317-BD97-E1A598C78E0E}.Release|Any CPU.ActiveCfg = Release|Any CPU
		{834375B2-B46F-4317-BD97-E1A598C78E0E}.Release|Any CPU.Build.0 = Release|Any CPU
		{C981DDE5-BC02-4BE1-A01D-A757865C2886}.Debug|Any CPU.ActiveCfg = Debug|Any CPU
		{C981DDE5-BC02-4BE1-A01D-A757865C2886}.Debug|Any CPU.Build.0 = Debug|Any CPU
		{C981DDE5-BC02-4BE1-A01D-A757865C2886}.Release|Any CPU.ActiveCfg = Release|Any CPU
		{C981DDE5-BC02-4BE1-A01D-A757865C2886}.Release|Any CPU.Build.0 = Release|Any CPU
	EndGlobalSection
	GlobalSection(SolutionProperties) = preSolution
		HideSolutionNode = FALSE
	EndGlobalSection
	GlobalSection(ExtensibilityGlobals) = postSolution
		SolutionGuid = {C6DE7020-AAE4-41F6-B73A-43B971676775}
	EndGlobalSection
EndGlobal
